// !$*UTF8*$!
{
	archiveVersion = 1;
	classes = {
	};
	objectVersion = 56;
	objects = {

/* Begin PBXBuildFile section */
		D11F1EAB29CBB98A0017A852 /* AppDelegate.swift in Sources */ = {isa = PBXBuildFile; fileRef = D11F1EAA29CBB98A0017A852 /* AppDelegate.swift */; };
		D11F1EAD29CBB98A0017A852 /* SceneDelegate.swift in Sources */ = {isa = PBXBuildFile; fileRef = D11F1EAC29CBB98A0017A852 /* SceneDelegate.swift */; };
		D11F1EAF29CBB98A0017A852 /* ViewController.swift in Sources */ = {isa = PBXBuildFile; fileRef = D11F1EAE29CBB98A0017A852 /* ViewController.swift */; };
		D11F1EB229CBB98A0017A852 /* Main.storyboard in Resources */ = {isa = PBXBuildFile; fileRef = D11F1EB029CBB98A0017A852 /* Main.storyboard */; };
		D11F1EB529CBB98A0017A852 /* barApp.xcdatamodeld in Sources */ = {isa = PBXBuildFile; fileRef = D11F1EB329CBB98A0017A852 /* barApp.xcdatamodeld */; };
		D11F1EB729CBB98B0017A852 /* Assets.xcassets in Resources */ = {isa = PBXBuildFile; fileRef = D11F1EB629CBB98B0017A852 /* Assets.xcassets */; };
		D11F1EBA29CBB98B0017A852 /* LaunchScreen.storyboard in Resources */ = {isa = PBXBuildFile; fileRef = D11F1EB829CBB98B0017A852 /* LaunchScreen.storyboard */; };
/* End PBXBuildFile section */

/* Begin PBXFileReference section */
		D11F1EA729CBB98A0017A852 /* barApp.app */ = {isa = PBXFileReference; explicitFileType = wrapper.application; includeInIndex = 0; path = barApp.app; sourceTree = BUILT_PRODUCTS_DIR; };
		D11F1EAA29CBB98A0017A852 /* AppDelegate.swift */ = {isa = PBXFileReference; lastKnownFileType = sourcecode.swift; path = AppDelegate.swift; sourceTree = "<group>"; };
		D11F1EAC29CBB98A0017A852 /* SceneDelegate.swift */ = {isa = PBXFileReference; lastKnownFileType = sourcecode.swift; path = SceneDelegate.swift; sourceTree = "<group>"; };
		D11F1EAE29CBB98A0017A852 /* ViewController.swift */ = {isa = PBXFileReference; lastKnownFileType = sourcecode.swift; path = ViewController.swift; sourceTree = "<group>"; };
		D11F1EB129CBB98A0017A852 /* Base */ = {isa = PBXFileReference; lastKnownFileType = file.storyboard; name = Base; path = Base.lproj/Main.storyboard; sourceTree = "<group>"; };
		D11F1EB429CBB98A0017A852 /* barApp.xcdatamodel */ = {isa = PBXFileReference; lastKnownFileType = wrapper.xcdatamodel; path = barApp.xcdatamodel; sourceTree = "<group>"; };
		D11F1EB629CBB98B0017A852 /* Assets.xcassets */ = {isa = PBXFileReference; lastKnownFileType = folder.assetcatalog; path = Assets.xcassets; sourceTree = "<group>"; };
		D11F1EB929CBB98B0017A852 /* Base */ = {isa = PBXFileReference; lastKnownFileType = file.storyboard; name = Base; path = Base.lproj/LaunchScreen.storyboard; sourceTree = "<group>"; };
		D11F1EBB29CBB98B0017A852 /* Info.plist */ = {isa = PBXFileReference; lastKnownFileType = text.plist.xml; path = Info.plist; sourceTree = "<group>"; };
/* End PBXFileReference section */

/* Begin PBXFrameworksBuildPhase section */
		D11F1EA429CBB98A0017A852 /* Frameworks */ = {
			isa = PBXFrameworksBuildPhase;
			buildActionMask = 2147483647;
			files = (
			);
			runOnlyForDeploymentPostprocessing = 0;
		};
/* End PBXFrameworksBuildPhase section */

/* Begin PBXGroup section */
		D11F1E9E29CBB98A0017A852 = {
			isa = PBXGroup;
			children = (
				D11F1EA929CBB98A0017A852 /* barApp */,
				D11F1EA829CBB98A0017A852 /* Products */,
			);
			sourceTree = "<group>";
		};
		D11F1EA829CBB98A0017A852 /* Products */ = {
			isa = PBXGroup;
			children = (
				D11F1EA729CBB98A0017A852 /* barApp.app */,
			);
			name = Products;
			sourceTree = "<group>";
		};
		D11F1EA929CBB98A0017A852 /* barApp */ = {
			isa = PBXGroup;
			children = (
				D11F1EAA29CBB98A0017A852 /* AppDelegate.swift */,
				D11F1EAC29CBB98A0017A852 /* SceneDelegate.swift */,
				D11F1EAE29CBB98A0017A852 /* ViewController.swift */,
				D11F1EB029CBB98A0017A852 /* Main.storyboard */,
				D11F1EB629CBB98B0017A852 /* Assets.xcassets */,
				D11F1EB829CBB98B0017A852 /* LaunchScreen.storyboard */,
				D11F1EBB29CBB98B0017A852 /* Info.plist */,
				D11F1EB329CBB98A0017A852 /* barApp.xcdatamodeld */,
			);
			path = barApp;
			sourceTree = "<group>";
		};
/* End PBXGroup section */

/* Begin PBXNativeTarget section */
		D11F1EA629CBB98A0017A852 /* barApp */ = {
			isa = PBXNativeTarget;
			buildConfigurationList = D11F1EBE29CBB98B0017A852 /* Build configuration list for PBXNativeTarget "barApp" */;
			buildPhases = (
				D11F1EA329CBB98A0017A852 /* Sources */,
				D11F1EA429CBB98A0017A852 /* Frameworks */,
				D11F1EA529CBB98A0017A852 /* Resources */,
			);
			buildRules = (
			);
			dependencies = (
			);
			name = barApp;
			productName = barApp;
			productReference = D11F1EA729CBB98A0017A852 /* barApp.app */;
			productType = "com.apple.product-type.application";
		};
/* End PBXNativeTarget section */

/* Begin PBXProject section */
		D11F1E9F29CBB98A0017A852 /* Project object */ = {
			isa = PBXProject;
			attributes = {
				BuildIndependentTargetsInParallel = 1;
				LastSwiftUpdateCheck = 1420;
				LastUpgradeCheck = 1420;
				TargetAttributes = {
					D11F1EA629CBB98A0017A852 = {
						CreatedOnToolsVersion = 14.2;
					};
				};
			};
			buildConfigurationList = D11F1EA229CBB98A0017A852 /* Build configuration list for PBXProject "barApp" */;
			compatibilityVersion = "Xcode 14.0";
			developmentRegion = en;
			hasScannedForEncodings = 0;
			knownRegions = (
				en,
				Base,
			);
			mainGroup = D11F1E9E29CBB98A0017A852;
			productRefGroup = D11F1EA829CBB98A0017A852 /* Products */;
			projectDirPath = "";
			projectRoot = "";
			targets = (
				D11F1EA629CBB98A0017A852 /* barApp */,
			);
		};
/* End PBXProject section */

/* Begin PBXResourcesBuildPhase section */
		D11F1EA529CBB98A0017A852 /* Resources */ = {
			isa = PBXResourcesBuildPhase;
			buildActionMask = 2147483647;
			files = (
				D11F1EBA29CBB98B0017A852 /* LaunchScreen.storyboard in Resources */,
				D11F1EB729CBB98B0017A852 /* Assets.xcassets in Resources */,
				D11F1EB229CBB98A0017A852 /* Main.storyboard in Resources */,
			);
			runOnlyForDeploymentPostprocessing = 0;
		};
/* End PBXResourcesBuildPhase section */

/* Begin PBXSourcesBuildPhase section */
		D11F1EA329CBB98A0017A852 /* Sources */ = {
			isa = PBXSourcesBuildPhase;
			buildActionMask = 2147483647;
			files = (
				D11F1EAF29CBB98A0017A852 /* ViewController.swift in Sources */,
				D11F1EB529CBB98A0017A852 /* barApp.xcdatamodeld in Sources */,
				D11F1EAB29CBB98A0017A852 /* AppDelegate.swift in Sources */,
				D11F1EAD29CBB98A0017A852 /* SceneDelegate.swift in Sources */,
			);
			runOnlyForDeploymentPostprocessing = 0;
		};
/* End PBXSourcesBuildPhase section */

/* Begin PBXVariantGroup section */
		D11F1EB029CBB98A0017A852 /* Main.storyboard */ = {
			isa = PBXVariantGroup;
			children = (
				D11F1EB129CBB98A0017A852 /* Base */,
			);
			name = Main.storyboard;
			sourceTree = "<group>";
		};
		D11F1EB829CBB98B0017A852 /* LaunchScreen.storyboard */ = {
			isa = PBXVariantGroup;
			children = (
				D11F1EB929CBB98B0017A852 /* Base */,
			);
			name = LaunchScreen.storyboard;
			sourceTree = "<group>";
		};
/* End PBXVariantGroup section */

/* Begin XCBuildConfiguration section */
		D11F1EBC29CBB98B0017A852 /* Debug */ = {
			isa = XCBuildConfiguration;
			buildSettings = {
				ALWAYS_SEARCH_USER_PATHS = NO;
				CLANG_ANALYZER_NONNULL = YES;
				CLANG_ANALYZER_NUMBER_OBJECT_CONVERSION = YES_AGGRESSIVE;
				CLANG_CXX_LANGUAGE_STANDARD = "gnu++20";
				CLANG_ENABLE_MODULES = YES;
				CLANG_ENABLE_OBJC_ARC = YES;
				CLANG_ENABLE_OBJC_WEAK = YES;
				CLANG_WARN_BLOCK_CAPTURE_AUTORELEASING = YES;
				CLANG_WARN_BOOL_CONVERSION = YES;
				CLANG_WARN_COMMA = YES;
				CLANG_WARN_CONSTANT_CONVERSION = YES;
				CLANG_WARN_DEPRECATED_OBJC_IMPLEMENTATIONS = YES;
				CLANG_WARN_DIRECT_OBJC_ISA_USAGE = YES_ERROR;
				CLANG_WARN_DOCUMENTATION_COMMENTS = YES;
				CLANG_WARN_EMPTY_BODY = YES;
				CLANG_WARN_ENUM_CONVERSION = YES;
				CLANG_WARN_INFINITE_RECURSION = YES;
				CLANG_WARN_INT_CONVERSION = YES;
				CLANG_WARN_NON_LITERAL_NULL_CONVERSION = YES;
				CLANG_WARN_OBJC_IMPLICIT_RETAIN_SELF = YES;
				CLANG_WARN_OBJC_LITERAL_CONVERSION = YES;
				CLANG_WARN_OBJC_ROOT_CLASS = YES_ERROR;
				CLANG_WARN_QUOTED_INCLUDE_IN_FRAMEWORK_HEADER = YES;
				CLANG_WARN_RANGE_LOOP_ANALYSIS = YES;
				CLANG_WARN_STRICT_PROTOTYPES = YES;
				CLANG_WARN_SUSPICIOUS_MOVE = YES;
				CLANG_WARN_UNGUARDED_AVAILABILITY = YES_AGGRESSIVE;
				CLANG_WARN_UNREACHABLE_CODE = YES;
				CLANG_WARN__DUPLICATE_METHOD_MATCH = YES;
				COPY_PHASE_STRIP = NO;
				DEBUG_INFORMATION_FORMAT = dwarf;
				ENABLE_STRICT_OBJC_MSGSEND = YES;
				ENABLE_TESTABILITY = YES;
				GCC_C_LANGUAGE_STANDARD = gnu11;
				GCC_DYNAMIC_NO_PIC = NO;
				GCC_NO_COMMON_BLOCKS = YES;
				GCC_OPTIMIZATION_LEVEL = 0;
				GCC_PREPROCESSOR_DEFINITIONS = (
					"DEBUG=1",
					"$(inherited)",
				);
				GCC_WARN_64_TO_32_BIT_CONVERSION = YES;
				GCC_WARN_ABOUT_RETURN_TYPE = YES_ERROR;
				GCC_WARN_UNDECLARED_SELECTOR = YES;
				GCC_WARN_UNINITIALIZED_AUTOS = YES_AGGRESSIVE;
				GCC_WARN_UNUSED_FUNCTION = YES;
				GCC_WARN_UNUSED_VARIABLE = YES;
				IPHONEOS_DEPLOYMENT_TARGET = 16.2;
				MTL_ENABLE_DEBUG_INFO = INCLUDE_SOURCE;
				MTL_FAST_MATH = YES;
				ONLY_ACTIVE_ARCH = YES;
				SDKROOT = iphoneos;
				SWIFT_ACTIVE_COMPILATION_CONDITIONS = DEBUG;
				SWIFT_OPTIMIZATION_LEVEL = "-Onone";
			};
			name = Debug;
		};
		D11F1EBD29CBB98B0017A852 /* Release */ = {
			isa = XCBuildConfiguration;
			buildSettings = {
				ALWAYS_SEARCH_USER_PATHS = NO;
				CLANG_ANALYZER_NONNULL = YES;
				CLANG_ANALYZER_NUMBER_OBJECT_CONVERSION = YES_AGGRESSIVE;
				CLANG_CXX_LANGUAGE_STANDARD = "gnu++20";
				CLANG_ENABLE_MODULES = YES;
				CLANG_ENABLE_OBJC_ARC = YES;
				CLANG_ENABLE_OBJC_WEAK = YES;
				CLANG_WARN_BLOCK_CAPTURE_AUTORELEASING = YES;
				CLANG_WARN_BOOL_CONVERSION = YES;
				CLANG_WARN_COMMA = YES;
				CLANG_WARN_CONSTANT_CONVERSION = YES;
				CLANG_WARN_DEPRECATED_OBJC_IMPLEMENTATIONS = YES;
				CLANG_WARN_DIRECT_OBJC_ISA_USAGE = YES_ERROR;
				CLANG_WARN_DOCUMENTATION_COMMENTS = YES;
				CLANG_WARN_EMPTY_BODY = YES;
				CLANG_WARN_ENUM_CONVERSION = YES;
				CLANG_WARN_INFINITE_RECURSION = YES;
				CLANG_WARN_INT_CONVERSION = YES;
				CLANG_WARN_NON_LITERAL_NULL_CONVERSION = YES;
				CLANG_WARN_OBJC_IMPLICIT_RETAIN_SELF = YES;
				CLANG_WARN_OBJC_LITERAL_CONVERSION = YES;
				CLANG_WARN_OBJC_ROOT_CLASS = YES_ERROR;
				CLANG_WARN_QUOTED_INCLUDE_IN_FRAMEWORK_HEADER = YES;
				CLANG_WARN_RANGE_LOOP_ANALYSIS = YES;
				CLANG_WARN_STRICT_PROTOTYPES = YES;
				CLANG_WARN_SUSPICIOUS_MOVE = YES;
				CLANG_WARN_UNGUARDED_AVAILABILITY = YES_AGGRESSIVE;
				CLANG_WARN_UNREACHABLE_CODE = YES;
				CLANG_WARN__DUPLICATE_METHOD_MATCH = YES;
				COPY_PHASE_STRIP = NO;
				DEBUG_INFORMATION_FORMAT = "dwarf-with-dsym";
				ENABLE_NS_ASSERTIONS = NO;
				ENABLE_STRICT_OBJC_MSGSEND = YES;
				GCC_C_LANGUAGE_STANDARD = gnu11;
				GCC_NO_COMMON_BLOCKS = YES;
				GCC_WARN_64_TO_32_BIT_CONVERSION = YES;
				GCC_WARN_ABOUT_RETURN_TYPE = YES_ERROR;
				GCC_WARN_UNDECLARED_SELECTOR = YES;
				GCC_WARN_UNINITIALIZED_AUTOS = YES_AGGRESSIVE;
				GCC_WARN_UNUSED_FUNCTION = YES;
				GCC_WARN_UNUSED_VARIABLE = YES;
				IPHONEOS_DEPLOYMENT_TARGET = 16.2;
				MTL_ENABLE_DEBUG_INFO = NO;
				MTL_FAST_MATH = YES;
				SDKROOT = iphoneos;
				SWIFT_COMPILATION_MODE = wholemodule;
				SWIFT_OPTIMIZATION_LEVEL = "-O";
				VALIDATE_PRODUCT = YES;
			};
			name = Release;
		};
		D11F1EBF29CBB98B0017A852 /* Debug */ = {
			isa = XCBuildConfiguration;
			buildSettings = {
				ASSETCATALOG_COMPILER_APPICON_NAME = AppIcon;
				ASSETCATALOG_COMPILER_GLOBAL_ACCENT_COLOR_NAME = AccentColor;
				CODE_SIGN_STYLE = Automatic;
				CURRENT_PROJECT_VERSION = 1;
				DEVELOPMENT_TEAM = HW53TJ4K2G;
				GENERATE_INFOPLIST_FILE = YES;
				INFOPLIST_FILE = barApp/Info.plist;
				INFOPLIST_KEY_UIApplicationSupportsIndirectInputEvents = YES;
				INFOPLIST_KEY_UILaunchStoryboardName = LaunchScreen;
				INFOPLIST_KEY_UIMainStoryboardFile = Main;
				INFOPLIST_KEY_UISupportedInterfaceOrientations_iPad = "UIInterfaceOrientationPortrait UIInterfaceOrientationPortraitUpsideDown UIInterfaceOrientationLandscapeLeft UIInterfaceOrientationLandscapeRight";
				INFOPLIST_KEY_UISupportedInterfaceOrientations_iPhone = "UIInterfaceOrientationPortrait UIInterfaceOrientationLandscapeLeft UIInterfaceOrientationLandscapeRight";
				LD_RUNPATH_SEARCH_PATHS = (
					"$(inherited)",
					"@executable_path/Frameworks",
				);
				MARKETING_VERSION = 1.0;
				PRODUCT_BUNDLE_IDENTIFIER = com.JackWalker.barApp;
				PRODUCT_NAME = "$(TARGET_NAME)";
				SWIFT_EMIT_LOC_STRINGS = YES;
				SWIFT_VERSION = 5.0;
				TARGETED_DEVICE_FAMILY = "1,2";
			};
			name = Debug;
		};
		D11F1EC029CBB98B0017A852 /* Release */ = {
			isa = XCBuildConfiguration;
			buildSettings = {
				ASSETCATALOG_COMPILER_APPICON_NAME = AppIcon;
				ASSETCATALOG_COMPILER_GLOBAL_ACCENT_COLOR_NAME = AccentColor;
				CODE_SIGN_STYLE = Automatic;
				CURRENT_PROJECT_VERSION = 1;
				DEVELOPMENT_TEAM = HW53TJ4K2G;
				GENERATE_INFOPLIST_FILE = YES;
				INFOPLIST_FILE = barApp/Info.plist;
				INFOPLIST_KEY_UIApplicationSupportsIndirectInputEvents = YES;
				INFOPLIST_KEY_UILaunchStoryboardName = LaunchScreen;
				INFOPLIST_KEY_UIMainStoryboardFile = Main;
				INFOPLIST_KEY_UISupportedInterfaceOrientations_iPad = "UIInterfaceOrientationPortrait UIInterfaceOrientationPortraitUpsideDown UIInterfaceOrientationLandscapeLeft UIInterfaceOrientationLandscapeRight";
				INFOPLIST_KEY_UISupportedInterfaceOrientations_iPhone = "UIInterfaceOrientationPortrait UIInterfaceOrientationLandscapeLeft UIInterfaceOrientationLandscapeRight";
				LD_RUNPATH_SEARCH_PATHS = (
					"$(inherited)",
					"@executable_path/Frameworks",
				);
				MARKETING_VERSION = 1.0;
				PRODUCT_BUNDLE_IDENTIFIER = com.JackWalker.barApp;
				PRODUCT_NAME = "$(TARGET_NAME)";
				SWIFT_EMIT_LOC_STRINGS = YES;
				SWIFT_VERSION = 5.0;
				TARGETED_DEVICE_FAMILY = "1,2";
			};
			name = Release;
		};
/* End XCBuildConfiguration section */

/* Begin XCConfigurationList section */
		D11F1EA229CBB98A0017A852 /* Build configuration list for PBXProject "barApp" */ = {
			isa = XCConfigurationList;
			buildConfigurations = (
				D11F1EBC29CBB98B0017A852 /* Debug */,
				D11F1EBD29CBB98B0017A852 /* Release */,
			);
			defaultConfigurationIsVisible = 0;
			defaultConfigurationName = Release;
		};
		D11F1EBE29CBB98B0017A852 /* Build configuration list for PBXNativeTarget "barApp" */ = {
			isa = XCConfigurationList;
			buildConfigurations = (
				D11F1EBF29CBB98B0017A852 /* Debug */,
				D11F1EC029CBB98B0017A852 /* Release */,
			);
			defaultConfigurationIsVisible = 0;
			defaultConfigurationName = Release;
		};
/* End XCConfigurationList section */

/* Begin XCVersionGroup section */
		D11F1EB329CBB98A0017A852 /* barApp.xcdatamodeld */ = {
			isa = XCVersionGroup;
			children = (
				D11F1EB429CBB98A0017A852 /* barApp.xcdatamodel */,
			);
			currentVersion = D11F1EB429CBB98A0017A852 /* barApp.xcdatamodel */;
			path = barApp.xcdatamodeld;
			sourceTree = "<group>";
			versionGroupType = wrapper.xcdatamodel;
		};
/* End XCVersionGroup section */
	};
	rootObject = D11F1E9F29CBB98A0017A852 /* Project object */;
}
